
Microsoft Visual Studio Solution File, Format Version 12.00
# Visual Studio 15
Project("{FAE04EC0-301F-11D3-BF4B-00C04F79EFBC}") = "VoltstroStudios.UnityWebBrowser", "VoltstroStudios.UnityWebBrowser.csproj", "{A0CBEC55-5109-A95D-803F-E78D16578E44}"
EndProject
Project("{FAE04EC0-301F-11D3-BF4B-00C04F79EFBC}") = "Immutable.Passport.Runtime.Private", "Immutable.Passport.Runtime.Private.csproj", "{50E28376-D6E3-AF73-AEFB-F73BF56DE97F}"
EndProject
Project("{FAE04EC0-301F-11D3-BF4B-00C04F79EFBC}") = "Immutable.Passport.Runtime.Public", "Immutable.Passport.Runtime.Public.csproj", "{B90DC77A-F7EF-C97F-8892-433D10E48EEC}"
EndProject
Project("{FAE04EC0-301F-11D3-BF4B-00C04F79EFBC}") = "Immutable.Browser.Core", "Immutable.Browser.Core.csproj", "{544C3F3E-8D6D-4795-EEC9-464430C2F5DC}"
EndProject
Project("{FAE04EC0-301F-11D3-BF4B-00C04F79EFBC}") = "unity-webview", "unity-webview.csproj", "{4E990642-E861-A780-A20D-7C5E8A52AAD6}"
EndProject
Project("{FAE04EC0-301F-11D3-BF4B-00C04F79EFBC}") = "Immutable.Passport.Editor", "Immutable.Passport.Editor.csproj", "{4BFDD5B3-FA91-5375-49D4-7C52728445D2}"
EndProject
Project("{FAE04EC0-301F-11D3-BF4B-00C04F79EFBC}") = "Assembly-CSharp", "Assembly-CSharp.csproj", "{0C95B731-ABF8-ABB9-25CD-264F1E67E206}"
EndProject
Project("{FAE04EC0-301F-11D3-BF4B-00C04F79EFBC}") = "Immutable.Passport.Runtime.Tests", "Immutable.Passport.Runtime.Tests.csproj", "{3C6B3BF1-EC79-3A79-9234-AE47CFEB29F4}"
EndProject
Global
	GlobalSection(SolutionConfigurationPlatforms) = preSolution
		Debug|Any CPU = Debug|Any CPU
		Release|Any CPU = Release|Any CPU
	EndGlobalSection
	GlobalSection(ProjectConfigurationPlatforms) = postSolution
		{A0CBEC55-5109-A95D-803F-E78D16578E44}.Debug|Any CPU.ActiveCfg = Debug|Any CPU
		{A0CBEC55-5109-A95D-803F-E78D16578E44}.Debug|Any CPU.Build.0 = Debug|Any CPU
		{A0CBEC55-5109-A95D-803F-E78D16578E44}.Release|Any CPU.ActiveCfg = Release|Any CPU
		{A0CBEC55-5109-A95D-803F-E78D16578E44}.Release|Any CPU.Build.0 = Release|Any CPU
		{50E28376-D6E3-AF73-AEFB-F73BF56DE97F}.Debug|Any CPU.ActiveCfg = Debug|Any CPU
		{50E28376-D6E3-AF73-AEFB-F73BF56DE97F}.Debug|Any CPU.Build.0 = Debug|Any CPU
		{50E28376-D6E3-AF73-AEFB-F73BF56DE97F}.Release|Any CPU.ActiveCfg = Release|Any CPU
		{50E28376-D6E3-AF73-AEFB-F73BF56DE97F}.Release|Any CPU.Build.0 = Release|Any CPU
		{B90DC77A-F7EF-C97F-8892-433D10E48EEC}.Debug|Any CPU.ActiveCfg = Debug|Any CPU
		{B90DC77A-F7EF-C97F-8892-433D10E48EEC}.Debug|Any CPU.Build.0 = Debug|Any CPU
		{B90DC77A-F7EF-C97F-8892-433D10E48EEC}.Release|Any CPU.ActiveCfg = Release|Any CPU
		{B90DC77A-F7EF-C97F-8892-433D10E48EEC}.Release|Any CPU.Build.0 = Release|Any CPU
		{544C3F3E-8D6D-4795-EEC9-464430C2F5DC}.Debug|Any CPU.ActiveCfg = Debug|Any CPU
		{544C3F3E-8D6D-4795-EEC9-464430C2F5DC}.Debug|Any CPU.Build.0 = Debug|Any CPU
		{544C3F3E-8D6D-4795-EEC9-464430C2F5DC}.Release|Any CPU.ActiveCfg = Release|Any CPU
		{544C3F3E-8D6D-4795-EEC9-464430C2F5DC}.Release|Any CPU.Build.0 = Release|Any CPU
		{4E990642-E861-A780-A20D-7C5E8A52AAD6}.Debug|Any CPU.ActiveCfg = Debug|Any CPU
		{4E990642-E861-A780-A20D-7C5E8A52AAD6}.Debug|Any CPU.Build.0 = Debug|Any CPU
		{4E990642-E861-A780-A20D-7C5E8A52AAD6}.Release|Any CPU.ActiveCfg = Release|Any CPU
		{4E990642-E861-A780-A20D-7C5E8A52AAD6}.Release|Any CPU.Build.0 = Release|Any CPU
		{4BFDD5B3-FA91-5375-49D4-7C52728445D2}.Debug|Any CPU.ActiveCfg = Debug|Any CPU
		{4BFDD5B3-FA91-5375-49D4-7C52728445D2}.Debug|Any CPU.Build.0 = Debug|Any CPU
		{4BFDD5B3-FA91-5375-49D4-7C52728445D2}.Release|Any CPU.ActiveCfg = Release|Any CPU
		{4BFDD5B3-FA91-5375-49D4-7C52728445D2}.Release|Any CPU.Build.0 = Release|Any CPU
		{0C95B731-ABF8-ABB9-25CD-264F1E67E206}.Debug|Any CPU.ActiveCfg = Debug|Any CPU
		{0C95B731-ABF8-ABB9-25CD-264F1E67E206}.Debug|Any CPU.Build.0 = Debug|Any CPU
		{0C95B731-ABF8-ABB9-25CD-264F1E67E206}.Release|Any CPU.ActiveCfg = Release|Any CPU
		{0C95B731-ABF8-ABB9-25CD-264F1E67E206}.Release|Any CPU.Build.0 = Release|Any CPU
		{3C6B3BF1-EC79-3A79-9234-AE47CFEB29F4}.Debug|Any CPU.ActiveCfg = Debug|Any CPU
		{3C6B3BF1-EC79-3A79-9234-AE47CFEB29F4}.Debug|Any CPU.Build.0 = Debug|Any CPU
		{3C6B3BF1-EC79-3A79-9234-AE47CFEB29F4}.Release|Any CPU.ActiveCfg = Release|Any CPU
		{3C6B3BF1-EC79-3A79-9234-AE47CFEB29F4}.Release|Any CPU.Build.0 = Release|Any CPU
	EndGlobalSection
	GlobalSection(SolutionProperties) = preSolution
		HideSolutionNode = FALSE
	EndGlobalSection
EndGlobal
